
Microsoft Visual Studio Solution File, Format Version 12.00
# Visual Studio Version 17
VisualStudioVersion = 17.0.31912.275
MinimumVisualStudioVersion = 10.0.40219.1
Project("{8BC9CEB8-8B4A-11D0-8D11-00A0C91BC942}") = "22.11.2022", "22.11.2022\22.11.2022.vcxproj", "{BE5E1F5F-41EA-4C30-9C50-D097DF7A1439}"
EndProject
Project("{8BC9CEB8-8B4A-11D0-8D11-00A0C91BC942}") = "MyLib", "MyLib\MyLib.vcxproj", "{F54357A4-FAC1-4984-A36A-341C73E4BFD9}"
EndProject
Global
	GlobalSection(SolutionConfigurationPlatforms) = preSolution
		Debug|x64 = Debug|x64
		Debug|x86 = Debug|x86
		Release|x64 = Release|x64
		Release|x86 = Release|x86
	EndGlobalSection
	GlobalSection(ProjectConfigurationPlatforms) = postSolution
		{BE5E1F5F-41EA-4C30-9C50-D097DF7A1439}.Debug|x64.ActiveCfg = Debug|x64
		{BE5E1F5F-41EA-4C30-9C50-D097DF7A1439}.Debug|x64.Build.0 = Debug|x64
		{BE5E1F5F-41EA-4C30-9C50-D097DF7A1439}.Debug|x86.ActiveCfg = Debug|Win32
		{BE5E1F5F-41EA-4C30-9C50-D097DF7A1439}.Debug|x86.Build.0 = Debug|Win32
		{BE5E1F5F-41EA-4C30-9C50-D097DF7A1439}.Release|x64.ActiveCfg = Release|x64
		{BE5E1F5F-41EA-4C30-9C50-D097DF7A1439}.Release|x64.Build.0 = Release|x64
		{BE5E1F5F-41EA-4C30-9C50-D097DF7A1439}.Release|x86.ActiveCfg = Release|Win32
		{BE5E1F5F-41EA-4C30-9C50-D097DF7A1439}.Release|x86.Build.0 = Release|Win32
		{F54357A4-FAC1-4984-A36A-341C73E4BFD9}.Debug|x64.ActiveCfg = Debug|x64
		{F54357A4-FAC1-4984-A36A-341C73E4BFD9}.Debug|x64.Build.0 = Debug|x64
		{F54357A4-FAC1-4984-A36A-341C73E4BFD9}.Debug|x86.ActiveCfg = Debug|Win32
		{F54357A4-FAC1-4984-A36A-341C73E4BFD9}.Debug|x86.Build.0 = Debug|Win32
		{F54357A4-FAC1-4984-A36A-341C73E4BFD9}.Release|x64.ActiveCfg = Release|x64
		{F54357A4-FAC1-4984-A36A-341C73E4BFD9}.Release|x64.Build.0 = Release|x64
		{F54357A4-FAC1-4984-A36A-341C73E4BFD9}.Release|x86.ActiveCfg = Release|Win32
		{F54357A4-FAC1-4984-A36A-341C73E4BFD9}.Release|x86.Build.0 = Release|Win32
	EndGlobalSection
	GlobalSection(SolutionProperties) = preSolution
		HideSolutionNode = FALSE
	EndGlobalSection
	GlobalSection(ExtensibilityGlobals) = postSolution
		SolutionGuid = {89E17577-248E-4879-802A-2CF0C71F71AA}
	EndGlobalSection
EndGlobal
